
Microsoft Visual Studio Solution File, Format Version 12.00
# Visual Studio Version 16
VisualStudioVersion = 16.0.30104.148
MinimumVisualStudioVersion = 10.0.40219.1
Project("{FAE04EC0-301F-11D3-BF4B-00C04F79EFBC}") = "Library Management System", "Library Management System.csproj", "{7B810483-252C-4836-9C6F-C870E99B529F}"
EndProject
Global
	GlobalSection(SolutionConfigurationPlatforms) = preSolution
		Debug|Any CPU = Debug|Any CPU
		Release|Any CPU = Release|Any CPU
	EndGlobalSection
	GlobalSection(ProjectConfigurationPlatforms) = postSolution
		{7B810483-252C-4836-9C6F-C870E99B529F}.Debug|Any CPU.ActiveCfg = Debug|Any CPU
		{7B810483-252C-4836-9C6F-C870E99B529F}.Debug|Any CPU.Build.0 = Debug|Any CPU
		{7B810483-252C-4836-9C6F-C870E99B529F}.Release|Any CPU.ActiveCfg = Release|Any CPU
		{7B810483-252C-4836-9C6F-C870E99B529F}.Release|Any CPU.Build.0 = Release|Any CPU
	EndGlobalSection
	GlobalSection(SolutionProperties) = preSolution
		HideSolutionNode = FALSE
	EndGlobalSection
	GlobalSection(ExtensibilityGlobals) = postSolution
		SolutionGuid = {7B2EEF33-A5CC-4E52-869F-44B248CA6EE1}
	EndGlobalSection
EndGlobal
